// !$*UTF8*$!
{
	archiveVersion = 1;
	classes = {
	};
	objectVersion = 46;
	objects = {

/* Begin PBXBuildFile section */
		91269AC81AAC5F3600286BF4 /* UIImage+Extension.m in Sources */ = {isa = PBXBuildFile; fileRef = 91269AC71AAC5F3600286BF4 /* UIImage+Extension.m */; };
		91269ACB1AAC607E00286BF4 /* NSString+Extension.m in Sources */ = {isa = PBXBuildFile; fileRef = 91269ACA1AAC607E00286BF4 /* NSString+Extension.m */; };
		91269ACE1AAC6B8800286BF4 /* BadgeButton.m in Sources */ = {isa = PBXBuildFile; fileRef = 91269ACD1AAC6B8800286BF4 /* BadgeButton.m */; };
		912A94391AAA9CFD00CA319E /* main.m in Sources */ = {isa = PBXBuildFile; fileRef = 912A94381AAA9CFD00CA319E /* main.m */; };
		912A94441AAA9CFD00CA319E /* Images.xcassets in Resources */ = {isa = PBXBuildFile; fileRef = 912A94431AAA9CFD00CA319E /* Images.xcassets */; };
		912A94471AAA9CFD00CA319E /* LaunchScreen.xib in Resources */ = {isa = PBXBuildFile; fileRef = 912A94451AAA9CFD00CA319E /* LaunchScreen.xib */; };
		912A94531AAA9CFD00CA319E /* SinaWeboTests.m in Sources */ = {isa = PBXBuildFile; fileRef = 912A94521AAA9CFD00CA319E /* SinaWeboTests.m */; };
		912BECD21AABFF2000BDFFD9 /* TabBarButton.m in Sources */ = {isa = PBXBuildFile; fileRef = 912BECD11AABFF2000BDFFD9 /* TabBarButton.m */; };
		91326BB31AAB2F9E00B9DDEF /* DiscoverViewController.m in Sources */ = {isa = PBXBuildFile; fileRef = 91326B951AAB2F9E00B9DDEF /* DiscoverViewController.m */; };
		91326BB41AAB2F9E00B9DDEF /* HomeViewController.m in Sources */ = {isa = PBXBuildFile; fileRef = 91326B9B1AAB2F9E00B9DDEF /* HomeViewController.m */; };
		91326BB51AAB2F9E00B9DDEF /* TabBarViewController.m in Sources */ = {isa = PBXBuildFile; fileRef = 91326BA11AAB2F9E00B9DDEF /* TabBarViewController.m */; };
		91326BB61AAB2F9E00B9DDEF /* MeViewController.m in Sources */ = {isa = PBXBuildFile; fileRef = 91326BA71AAB2F9E00B9DDEF /* MeViewController.m */; };
		91326BB71AAB2F9E00B9DDEF /* MessageViewController.m in Sources */ = {isa = PBXBuildFile; fileRef = 91326BAD1AAB2F9E00B9DDEF /* MessageViewController.m */; };
		91326BB81AAB2F9E00B9DDEF /* AppDelegate.m in Sources */ = {isa = PBXBuildFile; fileRef = 91326BB21AAB2F9E00B9DDEF /* AppDelegate.m */; };
		91326BBC1AAB3D3900B9DDEF /* TabBarView.m in Sources */ = {isa = PBXBuildFile; fileRef = 91326BBB1AAB3D3900B9DDEF /* TabBarView.m */; };
		913752871AACAC4000F0B805 /* NavigationController.m in Sources */ = {isa = PBXBuildFile; fileRef = 913752861AACAC4000F0B805 /* NavigationController.m */; };
		9137528A1AACB3DE00F0B805 /* UIBarButtonItem+Extension.m in Sources */ = {isa = PBXBuildFile; fileRef = 913752891AACB3DE00F0B805 /* UIBarButtonItem+Extension.m */; };
/* End PBXBuildFile section */

/* Begin PBXContainerItemProxy section */
		912A944D1AAA9CFD00CA319E /* PBXContainerItemProxy */ = {
			isa = PBXContainerItemProxy;
			containerPortal = 912A942B1AAA9CFD00CA319E /* Project object */;
			proxyType = 1;
			remoteGlobalIDString = 912A94321AAA9CFD00CA319E;
			remoteInfo = SinaWebo;
		};
/* End PBXContainerItemProxy section */

/* Begin PBXFileReference section */
		91269AC61AAC5F3600286BF4 /* UIImage+Extension.h */ = {isa = PBXFileReference; fileEncoding = 4; lastKnownFileType = sourcecode.c.h; path = "UIImage+Extension.h"; sourceTree = "<group>"; };
		91269AC71AAC5F3600286BF4 /* UIImage+Extension.m */ = {isa = PBXFileReference; fileEncoding = 4; lastKnownFileType = sourcecode.c.objc; path = "UIImage+Extension.m"; sourceTree = "<group>"; };
		91269AC91AAC607E00286BF4 /* NSString+Extension.h */ = {isa = PBXFileReference; fileEncoding = 4; lastKnownFileType = sourcecode.c.h; path = "NSString+Extension.h"; sourceTree = "<group>"; };
		91269ACA1AAC607E00286BF4 /* NSString+Extension.m */ = {isa = PBXFileReference; fileEncoding = 4; lastKnownFileType = sourcecode.c.objc; path = "NSString+Extension.m"; sourceTree = "<group>"; };
		91269ACC1AAC6B8800286BF4 /* BadgeButton.h */ = {isa = PBXFileReference; fileEncoding = 4; lastKnownFileType = sourcecode.c.h; path = BadgeButton.h; sourceTree = "<group>"; };
		91269ACD1AAC6B8800286BF4 /* BadgeButton.m */ = {isa = PBXFileReference; fileEncoding = 4; lastKnownFileType = sourcecode.c.objc; path = BadgeButton.m; sourceTree = "<group>"; };
		912A94331AAA9CFD00CA319E /* SinaWebo.app */ = {isa = PBXFileReference; explicitFileType = wrapper.application; includeInIndex = 0; path = SinaWebo.app; sourceTree = BUILT_PRODUCTS_DIR; };
		912A94371AAA9CFD00CA319E /* Info.plist */ = {isa = PBXFileReference; lastKnownFileType = text.plist.xml; path = Info.plist; sourceTree = "<group>"; };
		912A94381AAA9CFD00CA319E /* main.m */ = {isa = PBXFileReference; lastKnownFileType = sourcecode.c.objc; path = main.m; sourceTree = "<group>"; };
		912A94431AAA9CFD00CA319E /* Images.xcassets */ = {isa = PBXFileReference; lastKnownFileType = folder.assetcatalog; path = Images.xcassets; sourceTree = "<group>"; };
		912A94461AAA9CFD00CA319E /* Base */ = {isa = PBXFileReference; lastKnownFileType = file.xib; name = Base; path = Base.lproj/LaunchScreen.xib; sourceTree = "<group>"; };
		912A944C1AAA9CFD00CA319E /* SinaWeboTests.xctest */ = {isa = PBXFileReference; explicitFileType = wrapper.cfbundle; includeInIndex = 0; path = SinaWeboTests.xctest; sourceTree = BUILT_PRODUCTS_DIR; };
		912A94511AAA9CFD00CA319E /* Info.plist */ = {isa = PBXFileReference; lastKnownFileType = text.plist.xml; path = Info.plist; sourceTree = "<group>"; };
		912A94521AAA9CFD00CA319E /* SinaWeboTests.m */ = {isa = PBXFileReference; lastKnownFileType = sourcecode.c.objc; path = SinaWeboTests.m; sourceTree = "<group>"; };
		912BECD01AABFF2000BDFFD9 /* TabBarButton.h */ = {isa = PBXFileReference; fileEncoding = 4; lastKnownFileType = sourcecode.c.h; path = TabBarButton.h; sourceTree = "<group>"; };
		912BECD11AABFF2000BDFFD9 /* TabBarButton.m */ = {isa = PBXFileReference; fileEncoding = 4; lastKnownFileType = sourcecode.c.objc; path = TabBarButton.m; sourceTree = "<group>"; };
		91326B941AAB2F9E00B9DDEF /* DiscoverViewController.h */ = {isa = PBXFileReference; fileEncoding = 4; lastKnownFileType = sourcecode.c.h; path = DiscoverViewController.h; sourceTree = "<group>"; };
		91326B951AAB2F9E00B9DDEF /* DiscoverViewController.m */ = {isa = PBXFileReference; fileEncoding = 4; lastKnownFileType = sourcecode.c.objc; path = DiscoverViewController.m; sourceTree = "<group>"; };
		91326B9A1AAB2F9E00B9DDEF /* HomeViewController.h */ = {isa = PBXFileReference; fileEncoding = 4; lastKnownFileType = sourcecode.c.h; path = HomeViewController.h; sourceTree = "<group>"; };
		91326B9B1AAB2F9E00B9DDEF /* HomeViewController.m */ = {isa = PBXFileReference; fileEncoding = 4; lastKnownFileType = sourcecode.c.objc; path = HomeViewController.m; sourceTree = "<group>"; };
		91326BA01AAB2F9E00B9DDEF /* TabBarViewController.h */ = {isa = PBXFileReference; fileEncoding = 4; lastKnownFileType = sourcecode.c.h; path = TabBarViewController.h; sourceTree = "<group>"; };
		91326BA11AAB2F9E00B9DDEF /* TabBarViewController.m */ = {isa = PBXFileReference; fileEncoding = 4; lastKnownFileType = sourcecode.c.objc; path = TabBarViewController.m; sourceTree = "<group>"; };
		91326BA61AAB2F9E00B9DDEF /* MeViewController.h */ = {isa = PBXFileReference; fileEncoding = 4; lastKnownFileType = sourcecode.c.h; path = MeViewController.h; sourceTree = "<group>"; };
		91326BA71AAB2F9E00B9DDEF /* MeViewController.m */ = {isa = PBXFileReference; fileEncoding = 4; lastKnownFileType = sourcecode.c.objc; path = MeViewController.m; sourceTree = "<group>"; };
		91326BAC1AAB2F9E00B9DDEF /* MessageViewController.h */ = {isa = PBXFileReference; fileEncoding = 4; lastKnownFileType = sourcecode.c.h; path = MessageViewController.h; sourceTree = "<group>"; };
		91326BAD1AAB2F9E00B9DDEF /* MessageViewController.m */ = {isa = PBXFileReference; fileEncoding = 4; lastKnownFileType = sourcecode.c.objc; path = MessageViewController.m; sourceTree = "<group>"; };
		91326BB11AAB2F9E00B9DDEF /* AppDelegate.h */ = {isa = PBXFileReference; fileEncoding = 4; lastKnownFileType = sourcecode.c.h; path = AppDelegate.h; sourceTree = "<group>"; };
		91326BB21AAB2F9E00B9DDEF /* AppDelegate.m */ = {isa = PBXFileReference; fileEncoding = 4; lastKnownFileType = sourcecode.c.objc; path = AppDelegate.m; sourceTree = "<group>"; };
		91326BBA1AAB3D3900B9DDEF /* TabBarView.h */ = {isa = PBXFileReference; fileEncoding = 4; lastKnownFileType = sourcecode.c.h; path = TabBarView.h; sourceTree = "<group>"; };
		91326BBB1AAB3D3900B9DDEF /* TabBarView.m */ = {isa = PBXFileReference; fileEncoding = 4; lastKnownFileType = sourcecode.c.objc; path = TabBarView.m; sourceTree = "<group>"; };
		913752851AACAC4000F0B805 /* NavigationController.h */ = {isa = PBXFileReference; fileEncoding = 4; lastKnownFileType = sourcecode.c.h; path = NavigationController.h; sourceTree = "<group>"; };
		913752861AACAC4000F0B805 /* NavigationController.m */ = {isa = PBXFileReference; fileEncoding = 4; lastKnownFileType = sourcecode.c.objc; path = NavigationController.m; sourceTree = "<group>"; };
		913752881AACB3DE00F0B805 /* UIBarButtonItem+Extension.h */ = {isa = PBXFileReference; fileEncoding = 4; lastKnownFileType = sourcecode.c.h; path = "UIBarButtonItem+Extension.h"; sourceTree = "<group>"; };
		913752891AACB3DE00F0B805 /* UIBarButtonItem+Extension.m */ = {isa = PBXFileReference; fileEncoding = 4; lastKnownFileType = sourcecode.c.objc; path = "UIBarButtonItem+Extension.m"; sourceTree = "<group>"; };
/* End PBXFileReference section */

/* Begin PBXFrameworksBuildPhase section */
		912A94301AAA9CFD00CA319E /* Frameworks */ = {
			isa = PBXFrameworksBuildPhase;
			buildActionMask = 2147483647;
			files = (
			);
			runOnlyForDeploymentPostprocessing = 0;
		};
		912A94491AAA9CFD00CA319E /* Frameworks */ = {
			isa = PBXFrameworksBuildPhase;
			buildActionMask = 2147483647;
			files = (
			);
			runOnlyForDeploymentPostprocessing = 0;
		};
/* End PBXFrameworksBuildPhase section */

/* Begin PBXGroup section */
		91269AC51AAC5EC300286BF4 /* Category */ = {
			isa = PBXGroup;
			children = (
				91269AC91AAC607E00286BF4 /* NSString+Extension.h */,
				91269ACA1AAC607E00286BF4 /* NSString+Extension.m */,
				91269AC61AAC5F3600286BF4 /* UIImage+Extension.h */,
				91269AC71AAC5F3600286BF4 /* UIImage+Extension.m */,
				913752881AACB3DE00F0B805 /* UIBarButtonItem+Extension.h */,
				913752891AACB3DE00F0B805 /* UIBarButtonItem+Extension.m */,
			);
			path = Category;
			sourceTree = "<group>";
		};
		912A942A1AAA9CFD00CA319E = {
			isa = PBXGroup;
			children = (
				912A94351AAA9CFD00CA319E /* SinaWebo */,
				912A944F1AAA9CFD00CA319E /* SinaWeboTests */,
				912A94341AAA9CFD00CA319E /* Products */,
			);
			sourceTree = "<group>";
		};
		912A94341AAA9CFD00CA319E /* Products */ = {
			isa = PBXGroup;
			children = (
				912A94331AAA9CFD00CA319E /* SinaWebo.app */,
				912A944C1AAA9CFD00CA319E /* SinaWeboTests.xctest */,
			);
			name = Products;
			sourceTree = "<group>";
		};
		912A94351AAA9CFD00CA319E /* SinaWebo */ = {
			isa = PBXGroup;
			children = (
				91326B911AAB2F9E00B9DDEF /* Classes */,
				912A94361AAA9CFD00CA319E /* Supporting Files */,
			);
			path = SinaWebo;
			sourceTree = "<group>";
		};
		912A94361AAA9CFD00CA319E /* Supporting Files */ = {
			isa = PBXGroup;
			children = (
				912A94431AAA9CFD00CA319E /* Images.xcassets */,
				912A94451AAA9CFD00CA319E /* LaunchScreen.xib */,
				912A94371AAA9CFD00CA319E /* Info.plist */,
				912A94381AAA9CFD00CA319E /* main.m */,
			);
			name = "Supporting Files";
			sourceTree = "<group>";
		};
		912A944F1AAA9CFD00CA319E /* SinaWeboTests */ = {
			isa = PBXGroup;
			children = (
				912A94521AAA9CFD00CA319E /* SinaWeboTests.m */,
				912A94501AAA9CFD00CA319E /* Supporting Files */,
			);
			path = SinaWeboTests;
			sourceTree = "<group>";
		};
		912A94501AAA9CFD00CA319E /* Supporting Files */ = {
			isa = PBXGroup;
			children = (
				912A94511AAA9CFD00CA319E /* Info.plist */,
			);
			name = "Supporting Files";
			sourceTree = "<group>";
		};
		91326B911AAB2F9E00B9DDEF /* Classes */ = {
			isa = PBXGroup;
			children = (
				91326B921AAB2F9E00B9DDEF /* Discover */,
				91326B981AAB2F9E00B9DDEF /* Home */,
				91326B9E1AAB2F9E00B9DDEF /* Main */,
				91326BA41AAB2F9E00B9DDEF /* Me */,
				91326BAA1AAB2F9E00B9DDEF /* Message */,
				91326BB01AAB2F9E00B9DDEF /* Other */,
			);
			path = Classes;
			sourceTree = "<group>";
		};
		91326B921AAB2F9E00B9DDEF /* Discover */ = {
			isa = PBXGroup;
			children = (
				91326B931AAB2F9E00B9DDEF /* Controller */,
				91326B961AAB2F9E00B9DDEF /* Model */,
				91326B971AAB2F9E00B9DDEF /* View */,
			);
			path = Discover;
			sourceTree = "<group>";
		};
		91326B931AAB2F9E00B9DDEF /* Controller */ = {
			isa = PBXGroup;
			children = (
				91326B941AAB2F9E00B9DDEF /* DiscoverViewController.h */,
				91326B951AAB2F9E00B9DDEF /* DiscoverViewController.m */,
			);
			path = Controller;
			sourceTree = "<group>";
		};
		91326B961AAB2F9E00B9DDEF /* Model */ = {
			isa = PBXGroup;
			children = (
			);
			path = Model;
			sourceTree = "<group>";
		};
		91326B971AAB2F9E00B9DDEF /* View */ = {
			isa = PBXGroup;
			children = (
			);
			path = View;
			sourceTree = "<group>";
		};
		91326B981AAB2F9E00B9DDEF /* Home */ = {
			isa = PBXGroup;
			children = (
				91326B991AAB2F9E00B9DDEF /* Controller */,
				91326B9C1AAB2F9E00B9DDEF /* Model */,
				91326B9D1AAB2F9E00B9DDEF /* View */,
			);
			path = Home;
			sourceTree = "<group>";
		};
		91326B991AAB2F9E00B9DDEF /* Controller */ = {
			isa = PBXGroup;
			children = (
				91326B9A1AAB2F9E00B9DDEF /* HomeViewController.h */,
				91326B9B1AAB2F9E00B9DDEF /* HomeViewController.m */,
			);
			path = Controller;
			sourceTree = "<group>";
		};
		91326B9C1AAB2F9E00B9DDEF /* Model */ = {
			isa = PBXGroup;
			children = (
			);
			path = Model;
			sourceTree = "<group>";
		};
		91326B9D1AAB2F9E00B9DDEF /* View */ = {
			isa = PBXGroup;
			children = (
			);
			path = View;
			sourceTree = "<group>";
		};
		91326B9E1AAB2F9E00B9DDEF /* Main */ = {
			isa = PBXGroup;
			children = (
				91326B9F1AAB2F9E00B9DDEF /* Controller */,
				91326BA21AAB2F9E00B9DDEF /* Model */,
				91326BA31AAB2F9E00B9DDEF /* View */,
			);
			path = Main;
			sourceTree = "<group>";
		};
		91326B9F1AAB2F9E00B9DDEF /* Controller */ = {
			isa = PBXGroup;
			children = (
				913752851AACAC4000F0B805 /* NavigationController.h */,
				913752861AACAC4000F0B805 /* NavigationController.m */,
				91326BA01AAB2F9E00B9DDEF /* TabBarViewController.h */,
				91326BA11AAB2F9E00B9DDEF /* TabBarViewController.m */,
			);
			path = Controller;
			sourceTree = "<group>";
		};
		91326BA21AAB2F9E00B9DDEF /* Model */ = {
			isa = PBXGroup;
			children = (
			);
			path = Model;
			sourceTree = "<group>";
		};
		91326BA31AAB2F9E00B9DDEF /* View */ = {
			isa = PBXGroup;
			children = (
				91326BBA1AAB3D3900B9DDEF /* TabBarView.h */,
				91326BBB1AAB3D3900B9DDEF /* TabBarView.m */,
				912BECD01AABFF2000BDFFD9 /* TabBarButton.h */,
				912BECD11AABFF2000BDFFD9 /* TabBarButton.m */,
				91269ACC1AAC6B8800286BF4 /* BadgeButton.h */,
				91269ACD1AAC6B8800286BF4 /* BadgeButton.m */,
			);
			path = View;
			sourceTree = "<group>";
		};
		91326BA41AAB2F9E00B9DDEF /* Me */ = {
			isa = PBXGroup;
			children = (
				91326BA51AAB2F9E00B9DDEF /* Controller */,
				91326BA81AAB2F9E00B9DDEF /* Model */,
				91326BA91AAB2F9E00B9DDEF /* View */,
			);
			path = Me;
			sourceTree = "<group>";
		};
		91326BA51AAB2F9E00B9DDEF /* Controller */ = {
			isa = PBXGroup;
			children = (
				91326BA61AAB2F9E00B9DDEF /* MeViewController.h */,
				91326BA71AAB2F9E00B9DDEF /* MeViewController.m */,
			);
			path = Controller;
			sourceTree = "<group>";
		};
		91326BA81AAB2F9E00B9DDEF /* Model */ = {
			isa = PBXGroup;
			children = (
			);
			path = Model;
			sourceTree = "<group>";
		};
		91326BA91AAB2F9E00B9DDEF /* View */ = {
			isa = PBXGroup;
			children = (
			);
			path = View;
			sourceTree = "<group>";
		};
		91326BAA1AAB2F9E00B9DDEF /* Message */ = {
			isa = PBXGroup;
			children = (
				91326BAB1AAB2F9E00B9DDEF /* Controller */,
				91326BAE1AAB2F9E00B9DDEF /* Model */,
				91326BAF1AAB2F9E00B9DDEF /* View */,
			);
			path = Message;
			sourceTree = "<group>";
		};
		91326BAB1AAB2F9E00B9DDEF /* Controller */ = {
			isa = PBXGroup;
			children = (
				91326BAC1AAB2F9E00B9DDEF /* MessageViewController.h */,
				91326BAD1AAB2F9E00B9DDEF /* MessageViewController.m */,
			);
			path = Controller;
			sourceTree = "<group>";
		};
		91326BAE1AAB2F9E00B9DDEF /* Model */ = {
			isa = PBXGroup;
			children = (
			);
			path = Model;
			sourceTree = "<group>";
		};
		91326BAF1AAB2F9E00B9DDEF /* View */ = {
			isa = PBXGroup;
			children = (
			);
			path = View;
			sourceTree = "<group>";
		};
		91326BB01AAB2F9E00B9DDEF /* Other */ = {
			isa = PBXGroup;
			children = (
				91269AC51AAC5EC300286BF4 /* Category */,
				91326BB11AAB2F9E00B9DDEF /* AppDelegate.h */,
				91326BB21AAB2F9E00B9DDEF /* AppDelegate.m */,
			);
			path = Other;
			sourceTree = "<group>";
		};
/* End PBXGroup section */

/* Begin PBXNativeTarget section */
		912A94321AAA9CFD00CA319E /* SinaWebo */ = {
			isa = PBXNativeTarget;
			buildConfigurationList = 912A94561AAA9CFD00CA319E /* Build configuration list for PBXNativeTarget "SinaWebo" */;
			buildPhases = (
				912A942F1AAA9CFD00CA319E /* Sources */,
				912A94301AAA9CFD00CA319E /* Frameworks */,
				912A94311AAA9CFD00CA319E /* Resources */,
			);
			buildRules = (
			);
			dependencies = (
			);
			name = SinaWebo;
			productName = SinaWebo;
			productReference = 912A94331AAA9CFD00CA319E /* SinaWebo.app */;
			productType = "com.apple.product-type.application";
		};
		912A944B1AAA9CFD00CA319E /* SinaWeboTests */ = {
			isa = PBXNativeTarget;
			buildConfigurationList = 912A94591AAA9CFD00CA319E /* Build configuration list for PBXNativeTarget "SinaWeboTests" */;
			buildPhases = (
				912A94481AAA9CFD00CA319E /* Sources */,
				912A94491AAA9CFD00CA319E /* Frameworks */,
				912A944A1AAA9CFD00CA319E /* Resources */,
			);
			buildRules = (
			);
			dependencies = (
				912A944E1AAA9CFD00CA319E /* PBXTargetDependency */,
			);
			name = SinaWeboTests;
			productName = SinaWeboTests;
			productReference = 912A944C1AAA9CFD00CA319E /* SinaWeboTests.xctest */;
			productType = "com.apple.product-type.bundle.unit-test";
		};
/* End PBXNativeTarget section */

/* Begin PBXProject section */
		912A942B1AAA9CFD00CA319E /* Project object */ = {
			isa = PBXProject;
			attributes = {
				LastUpgradeCheck = 0610;
				ORGANIZATIONNAME = "亦心";
				TargetAttributes = {
					912A94321AAA9CFD00CA319E = {
						CreatedOnToolsVersion = 6.1.1;
					};
					912A944B1AAA9CFD00CA319E = {
						CreatedOnToolsVersion = 6.1.1;
						TestTargetID = 912A94321AAA9CFD00CA319E;
					};
				};
			};
			buildConfigurationList = 912A942E1AAA9CFD00CA319E /* Build configuration list for PBXProject "SinaWebo" */;
			compatibilityVersion = "Xcode 3.2";
			developmentRegion = English;
			hasScannedForEncodings = 0;
			knownRegions = (
				en,
				Base,
			);
			mainGroup = 912A942A1AAA9CFD00CA319E;
			productRefGroup = 912A94341AAA9CFD00CA319E /* Products */;
			projectDirPath = "";
			projectRoot = "";
			targets = (
				912A94321AAA9CFD00CA319E /* SinaWebo */,
				912A944B1AAA9CFD00CA319E /* SinaWeboTests */,
			);
		};
/* End PBXProject section */

/* Begin PBXResourcesBuildPhase section */
		912A94311AAA9CFD00CA319E /* Resources */ = {
			isa = PBXResourcesBuildPhase;
			buildActionMask = 2147483647;
			files = (
				912A94471AAA9CFD00CA319E /* LaunchScreen.xib in Resources */,
				912A94441AAA9CFD00CA319E /* Images.xcassets in Resources */,
			);
			runOnlyForDeploymentPostprocessing = 0;
		};
		912A944A1AAA9CFD00CA319E /* Resources */ = {
			isa = PBXResourcesBuildPhase;
			buildActionMask = 2147483647;
			files = (
			);
			runOnlyForDeploymentPostprocessing = 0;
		};
/* End PBXResourcesBuildPhase section */

/* Begin PBXSourcesBuildPhase section */
		912A942F1AAA9CFD00CA319E /* Sources */ = {
			isa = PBXSourcesBuildPhase;
			buildActionMask = 2147483647;
			files = (
				91326BB71AAB2F9E00B9DDEF /* MessageViewController.m in Sources */,
				91269AC81AAC5F3600286BF4 /* UIImage+Extension.m in Sources */,
				91326BB51AAB2F9E00B9DDEF /* TabBarViewController.m in Sources */,
				913752871AACAC4000F0B805 /* NavigationController.m in Sources */,
				912A94391AAA9CFD00CA319E /* main.m in Sources */,
				91326BB31AAB2F9E00B9DDEF /* DiscoverViewController.m in Sources */,
				91269ACB1AAC607E00286BF4 /* NSString+Extension.m in Sources */,
				912BECD21AABFF2000BDFFD9 /* TabBarButton.m in Sources */,
				9137528A1AACB3DE00F0B805 /* UIBarButtonItem+Extension.m in Sources */,
				91326BB41AAB2F9E00B9DDEF /* HomeViewController.m in Sources */,
				91326BB61AAB2F9E00B9DDEF /* MeViewController.m in Sources */,
				91326BBC1AAB3D3900B9DDEF /* TabBarView.m in Sources */,
				91326BB81AAB2F9E00B9DDEF /* AppDelegate.m in Sources */,
				91269ACE1AAC6B8800286BF4 /* BadgeButton.m in Sources */,
			);
			runOnlyForDeploymentPostprocessing = 0;
		};
		912A94481AAA9CFD00CA319E /* Sources */ = {
			isa = PBXSourcesBuildPhase;
			buildActionMask = 2147483647;
			files = (
				912A94531AAA9CFD00CA319E /* SinaWeboTests.m in Sources */,
			);
			runOnlyForDeploymentPostprocessing = 0;
		};
/* End PBXSourcesBuildPhase section */

/* Begin PBXTargetDependency section */
		912A944E1AAA9CFD00CA319E /* PBXTargetDependency */ = {
			isa = PBXTargetDependency;
			target = 912A94321AAA9CFD00CA319E /* SinaWebo */;
			targetProxy = 912A944D1AAA9CFD00CA319E /* PBXContainerItemProxy */;
		};
/* End PBXTargetDependency section */

/* Begin PBXVariantGroup section */
		912A94451AAA9CFD00CA319E /* LaunchScreen.xib */ = {
			isa = PBXVariantGroup;
			children = (
				912A94461AAA9CFD00CA319E /* Base */,
			);
			name = LaunchScreen.xib;
			sourceTree = "<group>";
		};
/* End PBXVariantGroup section */

/* Begin XCBuildConfiguration section */
		912A94541AAA9CFD00CA319E /* Debug */ = {
			isa = XCBuildConfiguration;
			buildSettings = {
				ALWAYS_SEARCH_USER_PATHS = NO;
				CLANG_CXX_LANGUAGE_STANDARD = "gnu++0x";
				CLANG_CXX_LIBRARY = "libc++";
				CLANG_ENABLE_MODULES = YES;
				CLANG_ENABLE_OBJC_ARC = YES;
				CLANG_WARN_BOOL_CONVERSION = YES;
				CLANG_WARN_CONSTANT_CONVERSION = YES;
				CLANG_WARN_DIRECT_OBJC_ISA_USAGE = YES_ERROR;
				CLANG_WARN_EMPTY_BODY = YES;
				CLANG_WARN_ENUM_CONVERSION = YES;
				CLANG_WARN_INT_CONVERSION = YES;
				CLANG_WARN_OBJC_ROOT_CLASS = YES_ERROR;
				CLANG_WARN_UNREACHABLE_CODE = YES;
				CLANG_WARN__DUPLICATE_METHOD_MATCH = YES;
				"CODE_SIGN_IDENTITY[sdk=iphoneos*]" = "iPhone Developer";
				COPY_PHASE_STRIP = NO;
				ENABLE_STRICT_OBJC_MSGSEND = YES;
				GCC_C_LANGUAGE_STANDARD = gnu99;
				GCC_DYNAMIC_NO_PIC = NO;
				GCC_OPTIMIZATION_LEVEL = 0;
				GCC_PREPROCESSOR_DEFINITIONS = (
					"DEBUG=1",
					"$(inherited)",
				);
				GCC_SYMBOLS_PRIVATE_EXTERN = NO;
				GCC_WARN_64_TO_32_BIT_CONVERSION = YES;
				GCC_WARN_ABOUT_RETURN_TYPE = YES_ERROR;
				GCC_WARN_UNDECLARED_SELECTOR = YES;
				GCC_WARN_UNINITIALIZED_AUTOS = YES_AGGRESSIVE;
				GCC_WARN_UNUSED_FUNCTION = YES;
				GCC_WARN_UNUSED_VARIABLE = YES;
				IPHONEOS_DEPLOYMENT_TARGET = 8.1;
				MTL_ENABLE_DEBUG_INFO = YES;
				ONLY_ACTIVE_ARCH = YES;
				SDKROOT = iphoneos;
				TARGETED_DEVICE_FAMILY = "1,2";
			};
			name = Debug;
		};
		912A94551AAA9CFD00CA319E /* Release */ = {
			isa = XCBuildConfiguration;
			buildSettings = {
				ALWAYS_SEARCH_USER_PATHS = NO;
				CLANG_CXX_LANGUAGE_STANDARD = "gnu++0x";
				CLANG_CXX_LIBRARY = "libc++";
				CLANG_ENABLE_MODULES = YES;
				CLANG_ENABLE_OBJC_ARC = YES;
				CLANG_WARN_BOOL_CONVERSION = YES;
				CLANG_WARN_CONSTANT_CONVERSION = YES;
				CLANG_WARN_DIRECT_OBJC_ISA_USAGE = YES_ERROR;
				CLANG_WARN_EMPTY_BODY = YES;
				CLANG_WARN_ENUM_CONVERSION = YES;
				CLANG_WARN_INT_CONVERSION = YES;
				CLANG_WARN_OBJC_ROOT_CLASS = YES_ERROR;
				CLANG_WARN_UNREACHABLE_CODE = YES;
				CLANG_WARN__DUPLICATE_METHOD_MATCH = YES;
				"CODE_SIGN_IDENTITY[sdk=iphoneos*]" = "iPhone Developer";
				COPY_PHASE_STRIP = YES;
				ENABLE_NS_ASSERTIONS = NO;
				ENABLE_STRICT_OBJC_MSGSEND = YES;
				GCC_C_LANGUAGE_STANDARD = gnu99;
				GCC_WARN_64_TO_32_BIT_CONVERSION = YES;
				GCC_WARN_ABOUT_RETURN_TYPE = YES_ERROR;
				GCC_WARN_UNDECLARED_SELECTOR = YES;
				GCC_WARN_UNINITIALIZED_AUTOS = YES_AGGRESSIVE;
				GCC_WARN_UNUSED_FUNCTION = YES;
				GCC_WARN_UNUSED_VARIABLE = YES;
				IPHONEOS_DEPLOYMENT_TARGET = 8.1;
				MTL_ENABLE_DEBUG_INFO = NO;
				SDKROOT = iphoneos;
				TARGETED_DEVICE_FAMILY = "1,2";
				VALIDATE_PRODUCT = YES;
			};
			name = Release;
		};
		912A94571AAA9CFD00CA319E /* Debug */ = {
			isa = XCBuildConfiguration;
			buildSettings = {
				ASSETCATALOG_COMPILER_APPICON_NAME = AppIcon;
				INFOPLIST_FILE = SinaWebo/Info.plist;
				LD_RUNPATH_SEARCH_PATHS = "$(inherited) @executable_path/Frameworks";
				PRODUCT_NAME = "$(TARGET_NAME)";
			};
			name = Debug;
		};
		912A94581AAA9CFD00CA319E /* Release */ = {
			isa = XCBuildConfiguration;
			buildSettings = {
				ASSETCATALOG_COMPILER_APPICON_NAME = AppIcon;
				INFOPLIST_FILE = SinaWebo/Info.plist;
				LD_RUNPATH_SEARCH_PATHS = "$(inherited) @executable_path/Frameworks";
				PRODUCT_NAME = "$(TARGET_NAME)";
			};
			name = Release;
		};
		912A945A1AAA9CFD00CA319E /* Debug */ = {
			isa = XCBuildConfiguration;
			buildSettings = {
				BUNDLE_LOADER = "$(TEST_HOST)";
				FRAMEWORK_SEARCH_PATHS = (
					"$(SDKROOT)/Developer/Library/Frameworks",
					"$(inherited)",
				);
				GCC_PREPROCESSOR_DEFINITIONS = (
					"DEBUG=1",
					"$(inherited)",
				);
				INFOPLIST_FILE = SinaWeboTests/Info.plist;
				LD_RUNPATH_SEARCH_PATHS = "$(inherited) @executable_path/Frameworks @loader_path/Frameworks";
				PRODUCT_NAME = "$(TARGET_NAME)";
				TEST_HOST = "$(BUILT_PRODUCTS_DIR)/SinaWebo.app/SinaWebo";
			};
			name = Debug;
		};
		912A945B1AAA9CFD00CA319E /* Release */ = {
			isa = XCBuildConfiguration;
			buildSettings = {
				BUNDLE_LOADER = "$(TEST_HOST)";
				FRAMEWORK_SEARCH_PATHS = (
					"$(SDKROOT)/Developer/Library/Frameworks",
					"$(inherited)",
				);
				INFOPLIST_FILE = SinaWeboTests/Info.plist;
				LD_RUNPATH_SEARCH_PATHS = "$(inherited) @executable_path/Frameworks @loader_path/Frameworks";
				PRODUCT_NAME = "$(TARGET_NAME)";
				TEST_HOST = "$(BUILT_PRODUCTS_DIR)/SinaWebo.app/SinaWebo";
			};
			name = Release;
		};
/* End XCBuildConfiguration section */

/* Begin XCConfigurationList section */
		912A942E1AAA9CFD00CA319E /* Build configuration list for PBXProject "SinaWebo" */ = {
			isa = XCConfigurationList;
			buildConfigurations = (
				912A94541AAA9CFD00CA319E /* Debug */,
				912A94551AAA9CFD00CA319E /* Release */,
			);
			defaultConfigurationIsVisible = 0;
			defaultConfigurationName = Release;
		};
		912A94561AAA9CFD00CA319E /* Build configuration list for PBXNativeTarget "SinaWebo" */ = {
			isa = XCConfigurationList;
			buildConfigurations = (
				912A94571AAA9CFD00CA319E /* Debug */,
				912A94581AAA9CFD00CA319E /* Release */,
			);
			defaultConfigurationIsVisible = 0;
			defaultConfigurationName = Release;
		};
		912A94591AAA9CFD00CA319E /* Build configuration list for PBXNativeTarget "SinaWeboTests" */ = {
			isa = XCConfigurationList;
			buildConfigurations = (
				912A945A1AAA9CFD00CA319E /* Debug */,
				912A945B1AAA9CFD00CA319E /* Release */,
			);
			defaultConfigurationIsVisible = 0;
			defaultConfigurationName = Release;
		};
/* End XCConfigurationList section */
	};
	rootObject = 912A942B1AAA9CFD00CA319E /* Project object */;
}
